# This file is automatically @generated by Cargo.
# It is not intended for manual editing.
version = 3

[[package]]
name = "_3sum"
version = "0.1.0"

[[package]]
name = "add-two-numbers"
version = "0.1.0"

[[package]]
name = "best-time-to-buy-and-sell-stock"
version = "0.1.0"

[[package]]
name = "binary-search"
version = "0.1.0"

[[package]]
name = "contains-duplicate"
version = "0.1.0"

[[package]]
name = "first-bad-version"
version = "0.1.0"

[[package]]
name = "flood-fill"
version = "0.1.0"

[[package]]
name = "intersection-of-two-arrays-ii"
version = "0.1.0"

[[package]]
name = "longest-substring-without-repeating-characters"
version = "0.1.0"

[[package]]
name = "max-area-of-island"
version = "0.1.0"

[[package]]
name = "maximum-subarray"
version = "0.1.0"

[[package]]
name = "merge-sorted-array"
version = "0.1.0"

[[package]]
name = "middle-of-the-linked-list"
version = "0.1.0"

[[package]]
name = "minimum-number-of-moves-to-seat-everyone"
version = "0.1.0"

[[package]]
name = "move-zeros"
version = "0.1.0"

[[package]]
name = "palindrome-number"
version = "0.1.0"

[[package]]
name = "permutation-in-string"
version = "0.1.0"

[[package]]
name = "pour-water"
version = "0.1.0"

[[package]]
name = "remove-nth-node-from-end-of-list"
version = "0.1.0"

[[package]]
name = "reverse-string"
version = "0.1.0"

[[package]]
name = "reverse-words-in-a-string-iii"
version = "0.1.0"

[[package]]
name = "roman-to-integer"
version = "0.1.0"

[[package]]
name = "rotate-array"
version = "0.1.0"

[[package]]
name = "search-insert-position"
version = "0.1.0"

[[package]]
name = "slowest-key"
version = "0.1.0"

[[package]]
name = "squares-of-a-sorted-array"
version = "0.1.0"

[[package]]
name = "two-sum"
version = "0.1.0"

[[package]]
name = "two-sum-ii-input-array-is-sorted"
version = "0.1.0"

[[package]]
name = "water-bottles"
version = "0.1.0"
